// !$*UTF8*$!
{
	archiveVersion = 1;
	classes = {
	};
	objectVersion = 46;
	objects = {

/* Begin PBXBuildFile section */
		D5B6A3AC1D41BB9E00A2D810 /* main.m in Sources */ = {isa = PBXBuildFile; fileRef = D5B6A3AB1D41BB9E00A2D810 /* main.m */; };
		D5B6A3AF1D41BB9E00A2D810 /* AppDelegate.m in Sources */ = {isa = PBXBuildFile; fileRef = D5B6A3AE1D41BB9E00A2D810 /* AppDelegate.m */; };
		D5B6A3B21D41BB9E00A2D810 /* ViewController.m in Sources */ = {isa = PBXBuildFile; fileRef = D5B6A3B11D41BB9E00A2D810 /* ViewController.m */; };
		D5B6A3B51D41BB9E00A2D810 /* Main.storyboard in Resources */ = {isa = PBXBuildFile; fileRef = D5B6A3B31D41BB9E00A2D810 /* Main.storyboard */; };
		D5B6A3B71D41BB9E00A2D810 /* Assets.xcassets in Resources */ = {isa = PBXBuildFile; fileRef = D5B6A3B61D41BB9E00A2D810 /* Assets.xcassets */; };
		D5B6A3BA1D41BB9E00A2D810 /* LaunchScreen.storyboard in Resources */ = {isa = PBXBuildFile; fileRef = D5B6A3B81D41BB9E00A2D810 /* LaunchScreen.storyboard */; };
		D5B6A3C51D41BB9E00A2D810 /* _0160722001_Thread_NSOperation_DependencyTests.m in Sources */ = {isa = PBXBuildFile; fileRef = D5B6A3C41D41BB9E00A2D810 /* _0160722001_Thread_NSOperation_DependencyTests.m */; };
		D5B6A3D01D41BB9E00A2D810 /* _0160722001_Thread_NSOperation_DependencyUITests.m in Sources */ = {isa = PBXBuildFile; fileRef = D5B6A3CF1D41BB9E00A2D810 /* _0160722001_Thread_NSOperation_DependencyUITests.m */; };
/* End PBXBuildFile section */

/* Begin PBXContainerItemProxy section */
		D5B6A3C11D41BB9E00A2D810 /* PBXContainerItemProxy */ = {
			isa = PBXContainerItemProxy;
			containerPortal = D5B6A39F1D41BB9D00A2D810 /* Project object */;
			proxyType = 1;
			remoteGlobalIDString = D5B6A3A61D41BB9D00A2D810;
			remoteInfo = "20160722001-Thread-NSOperation-Dependency";
		};
		D5B6A3CC1D41BB9E00A2D810 /* PBXContainerItemProxy */ = {
			isa = PBXContainerItemProxy;
			containerPortal = D5B6A39F1D41BB9D00A2D810 /* Project object */;
			proxyType = 1;
			remoteGlobalIDString = D5B6A3A61D41BB9D00A2D810;
			remoteInfo = "20160722001-Thread-NSOperation-Dependency";
		};
/* End PBXContainerItemProxy section */

/* Begin PBXFileReference section */
		D5B6A3A71D41BB9D00A2D810 /* 20160722001-Thread-NSOperation-Dependency.app */ = {isa = PBXFileReference; explicitFileType = wrapper.application; includeInIndex = 0; path = "20160722001-Thread-NSOperation-Dependency.app"; sourceTree = BUILT_PRODUCTS_DIR; };
		D5B6A3AB1D41BB9E00A2D810 /* main.m */ = {isa = PBXFileReference; lastKnownFileType = sourcecode.c.objc; path = main.m; sourceTree = "<group>"; };
		D5B6A3AD1D41BB9E00A2D810 /* AppDelegate.h */ = {isa = PBXFileReference; lastKnownFileType = sourcecode.c.h; path = AppDelegate.h; sourceTree = "<group>"; };
		D5B6A3AE1D41BB9E00A2D810 /* AppDelegate.m */ = {isa = PBXFileReference; lastKnownFileType = sourcecode.c.objc; path = AppDelegate.m; sourceTree = "<group>"; };
		D5B6A3B01D41BB9E00A2D810 /* ViewController.h */ = {isa = PBXFileReference; lastKnownFileType = sourcecode.c.h; path = ViewController.h; sourceTree = "<group>"; };
		D5B6A3B11D41BB9E00A2D810 /* ViewController.m */ = {isa = PBXFileReference; lastKnownFileType = sourcecode.c.objc; path = ViewController.m; sourceTree = "<group>"; };
		D5B6A3B41D41BB9E00A2D810 /* Base */ = {isa = PBXFileReference; lastKnownFileType = file.storyboard; name = Base; path = Base.lproj/Main.storyboard; sourceTree = "<group>"; };
		D5B6A3B61D41BB9E00A2D810 /* Assets.xcassets */ = {isa = PBXFileReference; lastKnownFileType = folder.assetcatalog; path = Assets.xcassets; sourceTree = "<group>"; };
		D5B6A3B91D41BB9E00A2D810 /* Base */ = {isa = PBXFileReference; lastKnownFileType = file.storyboard; name = Base; path = Base.lproj/LaunchScreen.storyboard; sourceTree = "<group>"; };
		D5B6A3BB1D41BB9E00A2D810 /* Info.plist */ = {isa = PBXFileReference; lastKnownFileType = text.plist.xml; path = Info.plist; sourceTree = "<group>"; };
		D5B6A3C01D41BB9E00A2D810 /* 20160722001-Thread-NSOperation-DependencyTests.xctest */ = {isa = PBXFileReference; explicitFileType = wrapper.cfbundle; includeInIndex = 0; path = "20160722001-Thread-NSOperation-DependencyTests.xctest"; sourceTree = BUILT_PRODUCTS_DIR; };
		D5B6A3C41D41BB9E00A2D810 /* _0160722001_Thread_NSOperation_DependencyTests.m */ = {isa = PBXFileReference; lastKnownFileType = sourcecode.c.objc; path = _0160722001_Thread_NSOperation_DependencyTests.m; sourceTree = "<group>"; };
		D5B6A3C61D41BB9E00A2D810 /* Info.plist */ = {isa = PBXFileReference; lastKnownFileType = text.plist.xml; path = Info.plist; sourceTree = "<group>"; };
		D5B6A3CB1D41BB9E00A2D810 /* 20160722001-Thread-NSOperation-DependencyUITests.xctest */ = {isa = PBXFileReference; explicitFileType = wrapper.cfbundle; includeInIndex = 0; path = "20160722001-Thread-NSOperation-DependencyUITests.xctest"; sourceTree = BUILT_PRODUCTS_DIR; };
		D5B6A3CF1D41BB9E00A2D810 /* _0160722001_Thread_NSOperation_DependencyUITests.m */ = {isa = PBXFileReference; lastKnownFileType = sourcecode.c.objc; path = _0160722001_Thread_NSOperation_DependencyUITests.m; sourceTree = "<group>"; };
		D5B6A3D11D41BB9E00A2D810 /* Info.plist */ = {isa = PBXFileReference; lastKnownFileType = text.plist.xml; path = Info.plist; sourceTree = "<group>"; };
/* End PBXFileReference section */

/* Begin PBXFrameworksBuildPhase section */
		D5B6A3A41D41BB9D00A2D810 /* Frameworks */ = {
			isa = PBXFrameworksBuildPhase;
			buildActionMask = 2147483647;
			files = (
			);
			runOnlyForDeploymentPostprocessing = 0;
		};
		D5B6A3BD1D41BB9E00A2D810 /* Frameworks */ = {
			isa = PBXFrameworksBuildPhase;
			buildActionMask = 2147483647;
			files = (
			);
			runOnlyForDeploymentPostprocessing = 0;
		};
		D5B6A3C81D41BB9E00A2D810 /* Frameworks */ = {
			isa = PBXFrameworksBuildPhase;
			buildActionMask = 2147483647;
			files = (
			);
			runOnlyForDeploymentPostprocessing = 0;
		};
/* End PBXFrameworksBuildPhase section */

/* Begin PBXGroup section */
		D5B6A39E1D41BB9D00A2D810 = {
			isa = PBXGroup;
			children = (
				D5B6A3A91D41BB9E00A2D810 /* 20160722001-Thread-NSOperation-Dependency */,
				D5B6A3C31D41BB9E00A2D810 /* 20160722001-Thread-NSOperation-DependencyTests */,
				D5B6A3CE1D41BB9E00A2D810 /* 20160722001-Thread-NSOperation-DependencyUITests */,
				D5B6A3A81D41BB9D00A2D810 /* Products */,
			);
			sourceTree = "<group>";
		};
		D5B6A3A81D41BB9D00A2D810 /* Products */ = {
			isa = PBXGroup;
			children = (
				D5B6A3A71D41BB9D00A2D810 /* 20160722001-Thread-NSOperation-Dependency.app */,
				D5B6A3C01D41BB9E00A2D810 /* 20160722001-Thread-NSOperation-DependencyTests.xctest */,
				D5B6A3CB1D41BB9E00A2D810 /* 20160722001-Thread-NSOperation-DependencyUITests.xctest */,
			);
			name = Products;
			sourceTree = "<group>";
		};
		D5B6A3A91D41BB9E00A2D810 /* 20160722001-Thread-NSOperation-Dependency */ = {
			isa = PBXGroup;
			children = (
				D5B6A3AD1D41BB9E00A2D810 /* AppDelegate.h */,
				D5B6A3AE1D41BB9E00A2D810 /* AppDelegate.m */,
				D5B6A3B01D41BB9E00A2D810 /* ViewController.h */,
				D5B6A3B11D41BB9E00A2D810 /* ViewController.m */,
				D5B6A3B31D41BB9E00A2D810 /* Main.storyboard */,
				D5B6A3B61D41BB9E00A2D810 /* Assets.xcassets */,
				D5B6A3B81D41BB9E00A2D810 /* LaunchScreen.storyboard */,
				D5B6A3BB1D41BB9E00A2D810 /* Info.plist */,
				D5B6A3AA1D41BB9E00A2D810 /* Supporting Files */,
			);
			path = "20160722001-Thread-NSOperation-Dependency";
			sourceTree = "<group>";
		};
		D5B6A3AA1D41BB9E00A2D810 /* Supporting Files */ = {
			isa = PBXGroup;
			children = (
				D5B6A3AB1D41BB9E00A2D810 /* main.m */,
			);
			name = "Supporting Files";
			sourceTree = "<group>";
		};
		D5B6A3C31D41BB9E00A2D810 /* 20160722001-Thread-NSOperation-DependencyTests */ = {
			isa = PBXGroup;
			children = (
				D5B6A3C41D41BB9E00A2D810 /* _0160722001_Thread_NSOperation_DependencyTests.m */,
				D5B6A3C61D41BB9E00A2D810 /* Info.plist */,
			);
			path = "20160722001-Thread-NSOperation-DependencyTests";
			sourceTree = "<group>";
		};
		D5B6A3CE1D41BB9E00A2D810 /* 20160722001-Thread-NSOperation-DependencyUITests */ = {
			isa = PBXGroup;
			children = (
				D5B6A3CF1D41BB9E00A2D810 /* _0160722001_Thread_NSOperation_DependencyUITests.m */,
				D5B6A3D11D41BB9E00A2D810 /* Info.plist */,
			);
			path = "20160722001-Thread-NSOperation-DependencyUITests";
			sourceTree = "<group>";
		};
/* End PBXGroup section */

/* Begin PBXNativeTarget section */
		D5B6A3A61D41BB9D00A2D810 /* 20160722001-Thread-NSOperation-Dependency */ = {
			isa = PBXNativeTarget;
			buildConfigurationList = D5B6A3D41D41BB9E00A2D810 /* Build configuration list for PBXNativeTarget "20160722001-Thread-NSOperation-Dependency" */;
			buildPhases = (
				D5B6A3A31D41BB9D00A2D810 /* Sources */,
				D5B6A3A41D41BB9D00A2D810 /* Frameworks */,
				D5B6A3A51D41BB9D00A2D810 /* Resources */,
			);
			buildRules = (
			);
			dependencies = (
			);
			name = "20160722001-Thread-NSOperation-Dependency";
			productName = "20160722001-Thread-NSOperation-Dependency";
			productReference = D5B6A3A71D41BB9D00A2D810 /* 20160722001-Thread-NSOperation-Dependency.app */;
			productType = "com.apple.product-type.application";
		};
		D5B6A3BF1D41BB9E00A2D810 /* 20160722001-Thread-NSOperation-DependencyTests */ = {
			isa = PBXNativeTarget;
			buildConfigurationList = D5B6A3D71D41BB9E00A2D810 /* Build configuration list for PBXNativeTarget "20160722001-Thread-NSOperation-DependencyTests" */;
			buildPhases = (
				D5B6A3BC1D41BB9E00A2D810 /* Sources */,
				D5B6A3BD1D41BB9E00A2D810 /* Frameworks */,
				D5B6A3BE1D41BB9E00A2D810 /* Resources */,
			);
			buildRules = (
			);
			dependencies = (
				D5B6A3C21D41BB9E00A2D810 /* PBXTargetDependency */,
			);
			name = "20160722001-Thread-NSOperation-DependencyTests";
			productName = "20160722001-Thread-NSOperation-DependencyTests";
			productReference = D5B6A3C01D41BB9E00A2D810 /* 20160722001-Thread-NSOperation-DependencyTests.xctest */;
			productType = "com.apple.product-type.bundle.unit-test";
		};
		D5B6A3CA1D41BB9E00A2D810 /* 20160722001-Thread-NSOperation-DependencyUITests */ = {
			isa = PBXNativeTarget;
			buildConfigurationList = D5B6A3DA1D41BB9E00A2D810 /* Build configuration list for PBXNativeTarget "20160722001-Thread-NSOperation-DependencyUITests" */;
			buildPhases = (
				D5B6A3C71D41BB9E00A2D810 /* Sources */,
				D5B6A3C81D41BB9E00A2D810 /* Frameworks */,
				D5B6A3C91D41BB9E00A2D810 /* Resources */,
			);
			buildRules = (
			);
			dependencies = (
				D5B6A3CD1D41BB9E00A2D810 /* PBXTargetDependency */,
			);
			name = "20160722001-Thread-NSOperation-DependencyUITests";
			productName = "20160722001-Thread-NSOperation-DependencyUITests";
			productReference = D5B6A3CB1D41BB9E00A2D810 /* 20160722001-Thread-NSOperation-DependencyUITests.xctest */;
			productType = "com.apple.product-type.bundle.ui-testing";
		};
/* End PBXNativeTarget section */

/* Begin PBXProject section */
		D5B6A39F1D41BB9D00A2D810 /* Project object */ = {
			isa = PBXProject;
			attributes = {
				LastUpgradeCheck = 0730;
				ORGANIZATIONNAME = Rainer;
				TargetAttributes = {
					D5B6A3A61D41BB9D00A2D810 = {
						CreatedOnToolsVersion = 7.3;
					};
					D5B6A3BF1D41BB9E00A2D810 = {
						CreatedOnToolsVersion = 7.3;
						TestTargetID = D5B6A3A61D41BB9D00A2D810;
					};
					D5B6A3CA1D41BB9E00A2D810 = {
						CreatedOnToolsVersion = 7.3;
						TestTargetID = D5B6A3A61D41BB9D00A2D810;
					};
				};
			};
			buildConfigurationList = D5B6A3A21D41BB9D00A2D810 /* Build configuration list for PBXProject "20160722001-Thread-NSOperation-Dependency" */;
			compatibilityVersion = "Xcode 3.2";
			developmentRegion = English;
			hasScannedForEncodings = 0;
			knownRegions = (
				en,
				Base,
			);
			mainGroup = D5B6A39E1D41BB9D00A2D810;
			productRefGroup = D5B6A3A81D41BB9D00A2D810 /* Products */;
			projectDirPath = "";
			projectRoot = "";
			targets = (
				D5B6A3A61D41BB9D00A2D810 /* 20160722001-Thread-NSOperation-Dependency */,
				D5B6A3BF1D41BB9E00A2D810 /* 20160722001-Thread-NSOperation-DependencyTests */,
				D5B6A3CA1D41BB9E00A2D810 /* 20160722001-Thread-NSOperation-DependencyUITests */,
			);
		};
/* End PBXProject section */

/* Begin PBXResourcesBuildPhase section */
		D5B6A3A51D41BB9D00A2D810 /* Resources */ = {
			isa = PBXResourcesBuildPhase;
			buildActionMask = 2147483647;
			files = (
				D5B6A3BA1D41BB9E00A2D810 /* LaunchScreen.storyboard in Resources */,
				D5B6A3B71D41BB9E00A2D810 /* Assets.xcassets in Resources */,
				D5B6A3B51D41BB9E00A2D810 /* Main.storyboard in Resources */,
			);
			runOnlyForDeploymentPostprocessing = 0;
		};
		D5B6A3BE1D41BB9E00A2D810 /* Resources */ = {
			isa = PBXResourcesBuildPhase;
			buildActionMask = 2147483647;
			files = (
			);
			runOnlyForDeploymentPostprocessing = 0;
		};
		D5B6A3C91D41BB9E00A2D810 /* Resources */ = {
			isa = PBXResourcesBuildPhase;
			buildActionMask = 2147483647;
			files = (
			);
			runOnlyForDeploymentPostprocessing = 0;
		};
/* End PBXResourcesBuildPhase section */

/* Begin PBXSourcesBuildPhase section */
		D5B6A3A31D41BB9D00A2D810 /* Sources */ = {
			isa = PBXSourcesBuildPhase;
			buildActionMask = 2147483647;
			files = (
				D5B6A3B21D41BB9E00A2D810 /* ViewController.m in Sources */,
				D5B6A3AF1D41BB9E00A2D810 /* AppDelegate.m in Sources */,
				D5B6A3AC1D41BB9E00A2D810 /* main.m in Sources */,
			);
			runOnlyForDeploymentPostprocessing = 0;
		};
		D5B6A3BC1D41BB9E00A2D810 /* Sources */ = {
			isa = PBXSourcesBuildPhase;
			buildActionMask = 2147483647;
			files = (
				D5B6A3C51D41BB9E00A2D810 /* _0160722001_Thread_NSOperation_DependencyTests.m in Sources */,
			);
			runOnlyForDeploymentPostprocessing = 0;
		};
		D5B6A3C71D41BB9E00A2D810 /* Sources */ = {
			isa = PBXSourcesBuildPhase;
			buildActionMask = 2147483647;
			files = (
				D5B6A3D01D41BB9E00A2D810 /* _0160722001_Thread_NSOperation_DependencyUITests.m in Sources */,
			);
			runOnlyForDeploymentPostprocessing = 0;
		};
/* End PBXSourcesBuildPhase section */

/* Begin PBXTargetDependency section */
		D5B6A3C21D41BB9E00A2D810 /* PBXTargetDependency */ = {
			isa = PBXTargetDependency;
			target = D5B6A3A61D41BB9D00A2D810 /* 20160722001-Thread-NSOperation-Dependency */;
			targetProxy = D5B6A3C11D41BB9E00A2D810 /* PBXContainerItemProxy */;
		};
		D5B6A3CD1D41BB9E00A2D810 /* PBXTargetDependency */ = {
			isa = PBXTargetDependency;
			target = D5B6A3A61D41BB9D00A2D810 /* 20160722001-Thread-NSOperation-Dependency */;
			targetProxy = D5B6A3CC1D41BB9E00A2D810 /* PBXContainerItemProxy */;
		};
/* End PBXTargetDependency section */

/* Begin PBXVariantGroup section */
		D5B6A3B31D41BB9E00A2D810 /* Main.storyboard */ = {
			isa = PBXVariantGroup;
			children = (
				D5B6A3B41D41BB9E00A2D810 /* Base */,
			);
			name = Main.storyboard;
			sourceTree = "<group>";
		};
		D5B6A3B81D41BB9E00A2D810 /* LaunchScreen.storyboard */ = {
			isa = PBXVariantGroup;
			children = (
				D5B6A3B91D41BB9E00A2D810 /* Base */,
			);
			name = LaunchScreen.storyboard;
			sourceTree = "<group>";
		};
/* End PBXVariantGroup section */

/* Begin XCBuildConfiguration section */
		D5B6A3D21D41BB9E00A2D810 /* Debug */ = {
			isa = XCBuildConfiguration;
			buildSettings = {
				ALWAYS_SEARCH_USER_PATHS = NO;
				CLANG_ANALYZER_NONNULL = YES;
				CLANG_CXX_LANGUAGE_STANDARD = "gnu++0x";
				CLANG_CXX_LIBRARY = "libc++";
				CLANG_ENABLE_MODULES = YES;
				CLANG_ENABLE_OBJC_ARC = YES;
				CLANG_WARN_BOOL_CONVERSION = YES;
				CLANG_WARN_CONSTANT_CONVERSION = YES;
				CLANG_WARN_DIRECT_OBJC_ISA_USAGE = YES_ERROR;
				CLANG_WARN_EMPTY_BODY = YES;
				CLANG_WARN_ENUM_CONVERSION = YES;
				CLANG_WARN_INT_CONVERSION = YES;
				CLANG_WARN_OBJC_ROOT_CLASS = YES_ERROR;
				CLANG_WARN_UNREACHABLE_CODE = YES;
				CLANG_WARN__DUPLICATE_METHOD_MATCH = YES;
				"CODE_SIGN_IDENTITY[sdk=iphoneos*]" = "iPhone Developer";
				COPY_PHASE_STRIP = NO;
				DEBUG_INFORMATION_FORMAT = dwarf;
				ENABLE_STRICT_OBJC_MSGSEND = YES;
				ENABLE_TESTABILITY = YES;
				GCC_C_LANGUAGE_STANDARD = gnu99;
				GCC_DYNAMIC_NO_PIC = NO;
				GCC_NO_COMMON_BLOCKS = YES;
				GCC_OPTIMIZATION_LEVEL = 0;
				GCC_PREPROCESSOR_DEFINITIONS = (
					"DEBUG=1",
					"$(inherited)",
				);
				GCC_WARN_64_TO_32_BIT_CONVERSION = YES;
				GCC_WARN_ABOUT_RETURN_TYPE = YES_ERROR;
				GCC_WARN_UNDECLARED_SELECTOR = YES;
				GCC_WARN_UNINITIALIZED_AUTOS = YES_AGGRESSIVE;
				GCC_WARN_UNUSED_FUNCTION = YES;
				GCC_WARN_UNUSED_VARIABLE = YES;
				IPHONEOS_DEPLOYMENT_TARGET = 9.3;
				MTL_ENABLE_DEBUG_INFO = YES;
				ONLY_ACTIVE_ARCH = YES;
				SDKROOT = iphoneos;
			};
			name = Debug;
		};
		D5B6A3D31D41BB9E00A2D810 /* Release */ = {
			isa = XCBuildConfiguration;
			buildSettings = {
				ALWAYS_SEARCH_USER_PATHS = NO;
				CLANG_ANALYZER_NONNULL = YES;
				CLANG_CXX_LANGUAGE_STANDARD = "gnu++0x";
				CLANG_CXX_LIBRARY = "libc++";
				CLANG_ENABLE_MODULES = YES;
				CLANG_ENABLE_OBJC_ARC = YES;
				CLANG_WARN_BOOL_CONVERSION = YES;
				CLANG_WARN_CONSTANT_CONVERSION = YES;
				CLANG_WARN_DIRECT_OBJC_ISA_USAGE = YES_ERROR;
				CLANG_WARN_EMPTY_BODY = YES;
				CLANG_WARN_ENUM_CONVERSION = YES;
				CLANG_WARN_INT_CONVERSION = YES;
				CLANG_WARN_OBJC_ROOT_CLASS = YES_ERROR;
				CLANG_WARN_UNREACHABLE_CODE = YES;
				CLANG_WARN__DUPLICATE_METHOD_MATCH = YES;
				"CODE_SIGN_IDENTITY[sdk=iphoneos*]" = "iPhone Developer";
				COPY_PHASE_STRIP = NO;
				DEBUG_INFORMATION_FORMAT = "dwarf-with-dsym";
				ENABLE_NS_ASSERTIONS = NO;
				ENABLE_STRICT_OBJC_MSGSEND = YES;
				GCC_C_LANGUAGE_STANDARD = gnu99;
				GCC_NO_COMMON_BLOCKS = YES;
				GCC_WARN_64_TO_32_BIT_CONVERSION = YES;
				GCC_WARN_ABOUT_RETURN_TYPE = YES_ERROR;
				GCC_WARN_UNDECLARED_SELECTOR = YES;
				GCC_WARN_UNINITIALIZED_AUTOS = YES_AGGRESSIVE;
				GCC_WARN_UNUSED_FUNCTION = YES;
				GCC_WARN_UNUSED_VARIABLE = YES;
				IPHONEOS_DEPLOYMENT_TARGET = 9.3;
				MTL_ENABLE_DEBUG_INFO = NO;
				SDKROOT = iphoneos;
				VALIDATE_PRODUCT = YES;
			};
			name = Release;
		};
		D5B6A3D51D41BB9E00A2D810 /* Debug */ = {
			isa = XCBuildConfiguration;
			buildSettings = {
				ASSETCATALOG_COMPILER_APPICON_NAME = AppIcon;
				INFOPLIST_FILE = "20160722001-Thread-NSOperation-Dependency/Info.plist";
				LD_RUNPATH_SEARCH_PATHS = "$(inherited) @executable_path/Frameworks";
				PRODUCT_BUNDLE_IDENTIFIER = "com.rainer.-0160722001-Thread-NSOperation-Dependency";
				PRODUCT_NAME = "$(TARGET_NAME)";
			};
			name = Debug;
		};
		D5B6A3D61D41BB9E00A2D810 /* Release */ = {
			isa = XCBuildConfiguration;
			buildSettings = {
				ASSETCATALOG_COMPILER_APPICON_NAME = AppIcon;
				INFOPLIST_FILE = "20160722001-Thread-NSOperation-Dependency/Info.plist";
				LD_RUNPATH_SEARCH_PATHS = "$(inherited) @executable_path/Frameworks";
				PRODUCT_BUNDLE_IDENTIFIER = "com.rainer.-0160722001-Thread-NSOperation-Dependency";
				PRODUCT_NAME = "$(TARGET_NAME)";
			};
			name = Release;
		};
		D5B6A3D81D41BB9E00A2D810 /* Debug */ = {
			isa = XCBuildConfiguration;
			buildSettings = {
				BUNDLE_LOADER = "$(TEST_HOST)";
				INFOPLIST_FILE = "20160722001-Thread-NSOperation-DependencyTests/Info.plist";
				LD_RUNPATH_SEARCH_PATHS = "$(inherited) @executable_path/Frameworks @loader_path/Frameworks";
				PRODUCT_BUNDLE_IDENTIFIER = "com.rainer.-0160722001-Thread-NSOperation-DependencyTests";
				PRODUCT_NAME = "$(TARGET_NAME)";
				TEST_HOST = "$(BUILT_PRODUCTS_DIR)/20160722001-Thread-NSOperation-Dependency.app/20160722001-Thread-NSOperation-Dependency";
			};
			name = Debug;
		};
		D5B6A3D91D41BB9E00A2D810 /* Release */ = {
			isa = XCBuildConfiguration;
			buildSettings = {
				BUNDLE_LOADER = "$(TEST_HOST)";
				INFOPLIST_FILE = "20160722001-Thread-NSOperation-DependencyTests/Info.plist";
				LD_RUNPATH_SEARCH_PATHS = "$(inherited) @executable_path/Frameworks @loader_path/Frameworks";
				PRODUCT_BUNDLE_IDENTIFIER = "com.rainer.-0160722001-Thread-NSOperation-DependencyTests";
				PRODUCT_NAME = "$(TARGET_NAME)";
				TEST_HOST = "$(BUILT_PRODUCTS_DIR)/20160722001-Thread-NSOperation-Dependency.app/20160722001-Thread-NSOperation-Dependency";
			};
			name = Release;
		};
		D5B6A3DB1D41BB9E00A2D810 /* Debug */ = {
			isa = XCBuildConfiguration;
			buildSettings = {
				INFOPLIST_FILE = "20160722001-Thread-NSOperation-DependencyUITests/Info.plist";
				LD_RUNPATH_SEARCH_PATHS = "$(inherited) @executable_path/Frameworks @loader_path/Frameworks";
				PRODUCT_BUNDLE_IDENTIFIER = "com.rainer.-0160722001-Thread-NSOperation-DependencyUITests";
				PRODUCT_NAME = "$(TARGET_NAME)";
				TEST_TARGET_NAME = "20160722001-Thread-NSOperation-Dependency";
			};
			name = Debug;
		};
		D5B6A3DC1D41BB9E00A2D810 /* Release */ = {
			isa = XCBuildConfiguration;
			buildSettings = {
				INFOPLIST_FILE = "20160722001-Thread-NSOperation-DependencyUITests/Info.plist";
				LD_RUNPATH_SEARCH_PATHS = "$(inherited) @executable_path/Frameworks @loader_path/Frameworks";
				PRODUCT_BUNDLE_IDENTIFIER = "com.rainer.-0160722001-Thread-NSOperation-DependencyUITests";
				PRODUCT_NAME = "$(TARGET_NAME)";
				TEST_TARGET_NAME = "20160722001-Thread-NSOperation-Dependency";
			};
			name = Release;
		};
/* End XCBuildConfiguration section */

/* Begin XCConfigurationList section */
		D5B6A3A21D41BB9D00A2D810 /* Build configuration list for PBXProject "20160722001-Thread-NSOperation-Dependency" */ = {
			isa = XCConfigurationList;
			buildConfigurations = (
				D5B6A3D21D41BB9E00A2D810 /* Debug */,
				D5B6A3D31D41BB9E00A2D810 /* Release */,
			);
			defaultConfigurationIsVisible = 0;
			defaultConfigurationName = Release;
		};
		D5B6A3D41D41BB9E00A2D810 /* Build configuration list for PBXNativeTarget "20160722001-Thread-NSOperation-Dependency" */ = {
			isa = XCConfigurationList;
			buildConfigurations = (
				D5B6A3D51D41BB9E00A2D810 /* Debug */,
				D5B6A3D61D41BB9E00A2D810 /* Release */,
			);
			defaultConfigurationIsVisible = 0;
		};
		D5B6A3D71D41BB9E00A2D810 /* Build configuration list for PBXNativeTarget "20160722001-Thread-NSOperation-DependencyTests" */ = {
			isa = XCConfigurationList;
			buildConfigurations = (
				D5B6A3D81D41BB9E00A2D810 /* Debug */,
				D5B6A3D91D41BB9E00A2D810 /* Release */,
			);
			defaultConfigurationIsVisible = 0;
		};
		D5B6A3DA1D41BB9E00A2D810 /* Build configuration list for PBXNativeTarget "20160722001-Thread-NSOperation-DependencyUITests" */ = {
			isa = XCConfigurationList;
			buildConfigurations = (
				D5B6A3DB1D41BB9E00A2D810 /* Debug */,
				D5B6A3DC1D41BB9E00A2D810 /* Release */,
			);
			defaultConfigurationIsVisible = 0;
		};
/* End XCConfigurationList section */
	};
	rootObject = D5B6A39F1D41BB9D00A2D810 /* Project object */;
}
